
Microsoft Visual Studio Solution File, Format Version 12.00
# Visual Studio Version 16
VisualStudioVersion = 16.0.30517.126
MinimumVisualStudioVersion = 10.0.40219.1
Project("{9A19103F-16F7-4668-BE54-9A1E7A4F7556}") = "FormulaOneConsole", "FormulaOneConsole\FormulaOneConsole.csproj", "{57026D64-3536-4792-B74D-0DF9B7190492}"
EndProject
Project("{2150E333-8FDC-42A3-9474-1A3956D46DE8}") = "Solution Items", "Solution Items", "{BF954D5F-DBC4-4300-99F6-EA64E7647B60}"
	ProjectSection(SolutionItems) = preProject
		README.md = README.md
	EndProjectSection
EndProject
Global
	GlobalSection(SolutionConfigurationPlatforms) = preSolution
		Debug|Any CPU = Debug|Any CPU
		Release|Any CPU = Release|Any CPU
	EndGlobalSection
	GlobalSection(ProjectConfigurationPlatforms) = postSolution
		{57026D64-3536-4792-B74D-0DF9B7190492}.Debug|Any CPU.ActiveCfg = Debug|Any CPU
		{57026D64-3536-4792-B74D-0DF9B7190492}.Debug|Any CPU.Build.0 = Debug|Any CPU
		{57026D64-3536-4792-B74D-0DF9B7190492}.Release|Any CPU.ActiveCfg = Release|Any CPU
		{57026D64-3536-4792-B74D-0DF9B7190492}.Release|Any CPU.Build.0 = Release|Any CPU
	EndGlobalSection
	GlobalSection(SolutionProperties) = preSolution
		HideSolutionNode = FALSE
	EndGlobalSection
	GlobalSection(ExtensibilityGlobals) = postSolution
		SolutionGuid = {AB7A42E6-2C02-4834-AB48-AD5EB5FC4FD7}
	EndGlobalSection
EndGlobal
