
Microsoft Visual Studio Solution File, Format Version 12.00
# Visual Studio Version 16
VisualStudioVersion = 16.0.30907.101
MinimumVisualStudioVersion = 10.0.40219.1
Project("{FAE04EC0-301F-11D3-BF4B-00C04F79EFBC}") = "esercizioTriggerCorrezione", "esercizioTriggerCorrezione\esercizioTriggerCorrezione.csproj", "{09BAEAF0-4828-4446-9F8E-CD8E66BF0843}"
EndProject
Global
	GlobalSection(SolutionConfigurationPlatforms) = preSolution
		Debug|Any CPU = Debug|Any CPU
		Release|Any CPU = Release|Any CPU
	EndGlobalSection
	GlobalSection(ProjectConfigurationPlatforms) = postSolution
		{09BAEAF0-4828-4446-9F8E-CD8E66BF0843}.Debug|Any CPU.ActiveCfg = Debug|Any CPU
		{09BAEAF0-4828-4446-9F8E-CD8E66BF0843}.Debug|Any CPU.Build.0 = Debug|Any CPU
		{09BAEAF0-4828-4446-9F8E-CD8E66BF0843}.Release|Any CPU.ActiveCfg = Release|Any CPU
		{09BAEAF0-4828-4446-9F8E-CD8E66BF0843}.Release|Any CPU.Build.0 = Release|Any CPU
	EndGlobalSection
	GlobalSection(SolutionProperties) = preSolution
		HideSolutionNode = FALSE
	EndGlobalSection
	GlobalSection(ExtensibilityGlobals) = postSolution
		SolutionGuid = {B873AB40-0016-4034-8D54-16B284FC734D}
	EndGlobalSection
EndGlobal
